
Microsoft Visual Studio Solution File, Format Version 12.00
# Visual Studio Version 17
VisualStudioVersion = 17.3.32819.101
MinimumVisualStudioVersion = 10.0.40219.1
Project("{9A19103F-16F7-4668-BE54-9A1E7A4F7556}") = "BooksStore", "BooksStore\BooksStore.csproj", "{345A7CBE-042B-4DD6-892B-C2287585DBC8}"
EndProject
Project("{FAE04EC0-301F-11D3-BF4B-00C04F79EFBC}") = "BookStoreWeb.Models", "BookStoreWeb.Models\BookStoreWeb.Models.csproj", "{CECC355E-8FFF-4992-AF43-72D34B1C7FC9}"
EndProject
Project("{FAE04EC0-301F-11D3-BF4B-00C04F79EFBC}") = "BookStoreWeb.DataAccess", "BookStoreWeb.DataAccess\BookStoreWeb.DataAccess.csproj", "{B91158AA-27E5-4FC1-AC5F-9A45D19E11BC}"
EndProject
Project("{FAE04EC0-301F-11D3-BF4B-00C04F79EFBC}") = "BookStoreWeb.Utility", "BookStoreWeb.Utility\BookStoreWeb.Utility.csproj", "{5D7B33BF-2395-40B3-B3A9-A6C067AAF384}"
EndProject
Global
	GlobalSection(SolutionConfigurationPlatforms) = preSolution
		Debug|Any CPU = Debug|Any CPU
		Release|Any CPU = Release|Any CPU
	EndGlobalSection
	GlobalSection(ProjectConfigurationPlatforms) = postSolution
		{345A7CBE-042B-4DD6-892B-C2287585DBC8}.Debug|Any CPU.ActiveCfg = Debug|Any CPU
		{345A7CBE-042B-4DD6-892B-C2287585DBC8}.Debug|Any CPU.Build.0 = Debug|Any CPU
		{345A7CBE-042B-4DD6-892B-C2287585DBC8}.Release|Any CPU.ActiveCfg = Release|Any CPU
		{345A7CBE-042B-4DD6-892B-C2287585DBC8}.Release|Any CPU.Build.0 = Release|Any CPU
		{CECC355E-8FFF-4992-AF43-72D34B1C7FC9}.Debug|Any CPU.ActiveCfg = Debug|Any CPU
		{CECC355E-8FFF-4992-AF43-72D34B1C7FC9}.Debug|Any CPU.Build.0 = Debug|Any CPU
		{CECC355E-8FFF-4992-AF43-72D34B1C7FC9}.Release|Any CPU.ActiveCfg = Release|Any CPU
		{CECC355E-8FFF-4992-AF43-72D34B1C7FC9}.Release|Any CPU.Build.0 = Release|Any CPU
		{B91158AA-27E5-4FC1-AC5F-9A45D19E11BC}.Debug|Any CPU.ActiveCfg = Debug|Any CPU
		{B91158AA-27E5-4FC1-AC5F-9A45D19E11BC}.Debug|Any CPU.Build.0 = Debug|Any CPU
		{B91158AA-27E5-4FC1-AC5F-9A45D19E11BC}.Release|Any CPU.ActiveCfg = Release|Any CPU
		{B91158AA-27E5-4FC1-AC5F-9A45D19E11BC}.Release|Any CPU.Build.0 = Release|Any CPU
		{5D7B33BF-2395-40B3-B3A9-A6C067AAF384}.Debug|Any CPU.ActiveCfg = Debug|Any CPU
		{5D7B33BF-2395-40B3-B3A9-A6C067AAF384}.Debug|Any CPU.Build.0 = Debug|Any CPU
		{5D7B33BF-2395-40B3-B3A9-A6C067AAF384}.Release|Any CPU.ActiveCfg = Release|Any CPU
		{5D7B33BF-2395-40B3-B3A9-A6C067AAF384}.Release|Any CPU.Build.0 = Release|Any CPU
	EndGlobalSection
	GlobalSection(SolutionProperties) = preSolution
		HideSolutionNode = FALSE
	EndGlobalSection
	GlobalSection(ExtensibilityGlobals) = postSolution
		SolutionGuid = {E3CBBF63-FF70-45E0-A646-10AFFDB9AE4E}
	EndGlobalSection
EndGlobal
